
Microsoft Visual Studio Solution File, Format Version 12.00
# Visual Studio Version 16
VisualStudioVersion = 16.0.30804.86
MinimumVisualStudioVersion = 10.0.40219.1
Project("{FAE04EC0-301F-11D3-BF4B-00C04F79EFBC}") = "AzureFunctionsCleanArchitectureSample.Api", "AzureFunctionsCleanArchitectureSample.Api\AzureFunctionsCleanArchitectureSample.Api.csproj", "{470ACF8F-40FB-4CE4-A0DC-70D8B52B2DBF}"
EndProject
Global
	GlobalSection(SolutionConfigurationPlatforms) = preSolution
		Debug|Any CPU = Debug|Any CPU
		Release|Any CPU = Release|Any CPU
	EndGlobalSection
	GlobalSection(ProjectConfigurationPlatforms) = postSolution
		{470ACF8F-40FB-4CE4-A0DC-70D8B52B2DBF}.Debug|Any CPU.ActiveCfg = Debug|Any CPU
		{470ACF8F-40FB-4CE4-A0DC-70D8B52B2DBF}.Debug|Any CPU.Build.0 = Debug|Any CPU
		{470ACF8F-40FB-4CE4-A0DC-70D8B52B2DBF}.Release|Any CPU.ActiveCfg = Release|Any CPU
		{470ACF8F-40FB-4CE4-A0DC-70D8B52B2DBF}.Release|Any CPU.Build.0 = Release|Any CPU
	EndGlobalSection
	GlobalSection(SolutionProperties) = preSolution
		HideSolutionNode = FALSE
	EndGlobalSection
	GlobalSection(ExtensibilityGlobals) = postSolution
		SolutionGuid = {A3DC0DCF-94FB-4BA5-904C-3CAF4B9C4F55}
	EndGlobalSection
EndGlobal
